
Microsoft Visual Studio Solution File, Format Version 12.00
# Visual Studio Version 16
VisualStudioVersion = 16.0.31005.135
MinimumVisualStudioVersion = 10.0.40219.1
Project("{FAE04EC0-301F-11D3-BF4B-00C04F79EFBC}") = "SrvSampleBuild", "SrvSampleBuild.csproj", "{9B254125-B10C-4421-82A8-F5F81544CB4E}"
EndProject
Global
	GlobalSection(SolutionConfigurationPlatforms) = preSolution
		Debug|Any CPU = Debug|Any CPU
		Release|Any CPU = Release|Any CPU
	EndGlobalSection
	GlobalSection(ProjectConfigurationPlatforms) = postSolution
		{9B254125-B10C-4421-82A8-F5F81544CB4E}.Debug|Any CPU.ActiveCfg = Debug|Any CPU
		{9B254125-B10C-4421-82A8-F5F81544CB4E}.Debug|Any CPU.Build.0 = Debug|Any CPU
		{9B254125-B10C-4421-82A8-F5F81544CB4E}.Release|Any CPU.ActiveCfg = Release|Any CPU
		{9B254125-B10C-4421-82A8-F5F81544CB4E}.Release|Any CPU.Build.0 = Release|Any CPU
	EndGlobalSection
	GlobalSection(SolutionProperties) = preSolution
		HideSolutionNode = FALSE
	EndGlobalSection
	GlobalSection(ExtensibilityGlobals) = postSolution
		SolutionGuid = {5D7CA669-5C02-470D-A795-86D3AE945FA4}
	EndGlobalSection
EndGlobal
